// !$*UTF8*$!
{
	archiveVersion = 1;
	classes = {
	};
	objectVersion = 56;
	objects = {

/* Begin PBXBuildFile section */
		1BE9430B2C8E88EA008875B6 /* CoreDataManager.swift in Sources */ = {isa = PBXBuildFile; fileRef = 1BE9430A2C8E88EA008875B6 /* CoreDataManager.swift */; };
		3C4C4FEF2C8989A00028DC27 /* view.swift in Sources */ = {isa = PBXBuildFile; fileRef = 3C4C4FEE2C8989A00028DC27 /* view.swift */; };
		3C4C4FF12C898C4E0028DC27 /* SnapKit in Frameworks */ = {isa = PBXBuildFile; productRef = 3C4C4FF02C898C4E0028DC27 /* SnapKit */; };
		3C8329B62C8B17EC00DB875D /* Entity+CoreDataClass.swift in Sources */ = {isa = PBXBuildFile; fileRef = 3C8329B42C8B17EC00DB875D /* Entity+CoreDataClass.swift */; };
		3C8329B72C8B17EC00DB875D /* Entity+CoreDataProperties.swift in Sources */ = {isa = PBXBuildFile; fileRef = 3C8329B52C8B17EC00DB875D /* Entity+CoreDataProperties.swift */; };
		3C83C94C2C9BBDD500C8DE8F /* Model.xcdatamodeld in Sources */ = {isa = PBXBuildFile; fileRef = 3C83C94A2C9BBDD500C8DE8F /* Model.xcdatamodeld */; };
		3CEDF1902C7705EB000A7C58 /* AppDelegate.swift in Sources */ = {isa = PBXBuildFile; fileRef = 3CEDF18F2C7705EB000A7C58 /* AppDelegate.swift */; };
		3CEDF1922C7705EB000A7C58 /* SceneDelegate.swift in Sources */ = {isa = PBXBuildFile; fileRef = 3CEDF1912C7705EB000A7C58 /* SceneDelegate.swift */; };
		3CEDF1942C7705EB000A7C58 /* ViewController.swift in Sources */ = {isa = PBXBuildFile; fileRef = 3CEDF1932C7705EB000A7C58 /* ViewController.swift */; };
		3CEDF1972C7705EB000A7C58 /* Base in Resources */ = {isa = PBXBuildFile; fileRef = 3CEDF1962C7705EB000A7C58 /* Base */; };
		3CEDF1992C7705EC000A7C58 /* Assets.xcassets in Resources */ = {isa = PBXBuildFile; fileRef = 3CEDF1982C7705EC000A7C58 /* Assets.xcassets */; };
		3CEDF19C2C7705EC000A7C58 /* Base in Resources */ = {isa = PBXBuildFile; fileRef = 3CEDF19B2C7705EC000A7C58 /* Base */; };
/* End PBXBuildFile section */

/* Begin PBXFileReference section */
		1BE9430A2C8E88EA008875B6 /* CoreDataManager.swift */ = {isa = PBXFileReference; lastKnownFileType = sourcecode.swift; path = CoreDataManager.swift; sourceTree = "<group>"; };
		3C4C4FEE2C8989A00028DC27 /* view.swift */ = {isa = PBXFileReference; lastKnownFileType = sourcecode.swift; path = view.swift; sourceTree = "<group>"; };
		3C8329B42C8B17EC00DB875D /* Entity+CoreDataClass.swift */ = {isa = PBXFileReference; lastKnownFileType = sourcecode.swift; path = "Entity+CoreDataClass.swift"; sourceTree = "<group>"; };
		3C8329B52C8B17EC00DB875D /* Entity+CoreDataProperties.swift */ = {isa = PBXFileReference; lastKnownFileType = sourcecode.swift; path = "Entity+CoreDataProperties.swift"; sourceTree = "<group>"; };
		3C83C94B2C9BBDD500C8DE8F /* Model.xcdatamodel */ = {isa = PBXFileReference; lastKnownFileType = wrapper.xcdatamodel; path = Model.xcdatamodel; sourceTree = "<group>"; };
		3CEDF18C2C7705EB000A7C58 /* 7 Project.app */ = {isa = PBXFileReference; explicitFileType = wrapper.application; includeInIndex = 0; path = "7 Project.app"; sourceTree = BUILT_PRODUCTS_DIR; };
		3CEDF18F2C7705EB000A7C58 /* AppDelegate.swift */ = {isa = PBXFileReference; lastKnownFileType = sourcecode.swift; path = AppDelegate.swift; sourceTree = "<group>"; };
		3CEDF1912C7705EB000A7C58 /* SceneDelegate.swift */ = {isa = PBXFileReference; lastKnownFileType = sourcecode.swift; path = SceneDelegate.swift; sourceTree = "<group>"; };
		3CEDF1932C7705EB000A7C58 /* ViewController.swift */ = {isa = PBXFileReference; lastKnownFileType = sourcecode.swift; path = ViewController.swift; sourceTree = "<group>"; };
		3CEDF1962C7705EB000A7C58 /* Base */ = {isa = PBXFileReference; lastKnownFileType = file.storyboard; name = Base; path = Base.lproj/Main.storyboard; sourceTree = "<group>"; };
		3CEDF1982C7705EC000A7C58 /* Assets.xcassets */ = {isa = PBXFileReference; lastKnownFileType = folder.assetcatalog; path = Assets.xcassets; sourceTree = "<group>"; };
		3CEDF19B2C7705EC000A7C58 /* Base */ = {isa = PBXFileReference; lastKnownFileType = file.storyboard; name = Base; path = Base.lproj/LaunchScreen.storyboard; sourceTree = "<group>"; };
		3CEDF19D2C7705EC000A7C58 /* Info.plist */ = {isa = PBXFileReference; lastKnownFileType = text.plist.xml; path = Info.plist; sourceTree = "<group>"; };
/* End PBXFileReference section */

/* Begin PBXFrameworksBuildPhase section */
		3CEDF1892C7705EB000A7C58 /* Frameworks */ = {
			isa = PBXFrameworksBuildPhase;
			buildActionMask = 2147483647;
			files = (
				3C4C4FF12C898C4E0028DC27 /* SnapKit in Frameworks */,
			);
			runOnlyForDeploymentPostprocessing = 0;
		};
/* End PBXFrameworksBuildPhase section */

/* Begin PBXGroup section */
		3CEDF1832C7705EB000A7C58 = {
			isa = PBXGroup;
			children = (
				3C83C94A2C9BBDD500C8DE8F /* Model.xcdatamodeld */,
				3C8329B42C8B17EC00DB875D /* Entity+CoreDataClass.swift */,
				3C8329B52C8B17EC00DB875D /* Entity+CoreDataProperties.swift */,
				3CEDF1A32C77227C000A7C58 /* controller */,
				3CEDF18E2C7705EB000A7C58 /* 7 Project */,
				3CEDF18D2C7705EB000A7C58 /* Products */,
			);
			sourceTree = "<group>";
		};
		3CEDF18D2C7705EB000A7C58 /* Products */ = {
			isa = PBXGroup;
			children = (
				3CEDF18C2C7705EB000A7C58 /* 7 Project.app */,
			);
			name = Products;
			sourceTree = "<group>";
		};
		3CEDF18E2C7705EB000A7C58 /* 7 Project */ = {
			isa = PBXGroup;
			children = (
				3CEDF18F2C7705EB000A7C58 /* AppDelegate.swift */,
				3CEDF1912C7705EB000A7C58 /* SceneDelegate.swift */,
				3CEDF1952C7705EB000A7C58 /* Main.storyboard */,
				3CEDF1982C7705EC000A7C58 /* Assets.xcassets */,
				3CEDF19A2C7705EC000A7C58 /* LaunchScreen.storyboard */,
				3CEDF19D2C7705EC000A7C58 /* Info.plist */,
			);
			path = "7 Project";
			sourceTree = "<group>";
		};
		3CEDF1A32C77227C000A7C58 /* controller */ = {
			isa = PBXGroup;
			children = (
				3CEDF1932C7705EB000A7C58 /* ViewController.swift */,
				3C4C4FEE2C8989A00028DC27 /* view.swift */,
				1BE9430A2C8E88EA008875B6 /* CoreDataManager.swift */,
			);
			path = controller;
			sourceTree = "<group>";
		};
/* End PBXGroup section */

/* Begin PBXNativeTarget section */
		3CEDF18B2C7705EB000A7C58 /* 7 Project */ = {
			isa = PBXNativeTarget;
			buildConfigurationList = 3CEDF1A02C7705EC000A7C58 /* Build configuration list for PBXNativeTarget "7 Project" */;
			buildPhases = (
				3CEDF1882C7705EB000A7C58 /* Sources */,
				3CEDF1892C7705EB000A7C58 /* Frameworks */,
				3CEDF18A2C7705EB000A7C58 /* Resources */,
			);
			buildRules = (
			);
			dependencies = (
			);
			name = "7 Project";
			packageProductDependencies = (
				3C4C4FF02C898C4E0028DC27 /* SnapKit */,
			);
			productName = "7 Project";
			productReference = 3CEDF18C2C7705EB000A7C58 /* 7 Project.app */;
			productType = "com.apple.product-type.application";
		};
/* End PBXNativeTarget section */

/* Begin PBXProject section */
		3CEDF1842C7705EB000A7C58 /* Project object */ = {
			isa = PBXProject;
			attributes = {
				BuildIndependentTargetsInParallel = 1;
				LastSwiftUpdateCheck = 1540;
				LastUpgradeCheck = 1540;
				TargetAttributes = {
					3CEDF18B2C7705EB000A7C58 = {
						CreatedOnToolsVersion = 15.4;
					};
				};
			};
			buildConfigurationList = 3CEDF1872C7705EB000A7C58 /* Build configuration list for PBXProject "7 Project" */;
			compatibilityVersion = "Xcode 14.0";
			developmentRegion = en;
			hasScannedForEncodings = 0;
			knownRegions = (
				en,
				Base,
			);
			mainGroup = 3CEDF1832C7705EB000A7C58;
			packageReferences = (
				3CA3782E2C8859B100BF0BCA /* XCRemoteSwiftPackageReference "SnapKit" */,
			);
			productRefGroup = 3CEDF18D2C7705EB000A7C58 /* Products */;
			projectDirPath = "";
			projectRoot = "";
			targets = (
				3CEDF18B2C7705EB000A7C58 /* 7 Project */,
			);
		};
/* End PBXProject section */

/* Begin PBXResourcesBuildPhase section */
		3CEDF18A2C7705EB000A7C58 /* Resources */ = {
			isa = PBXResourcesBuildPhase;
			buildActionMask = 2147483647;
			files = (
				3CEDF1992C7705EC000A7C58 /* Assets.xcassets in Resources */,
				3CEDF19C2C7705EC000A7C58 /* Base in Resources */,
				3CEDF1972C7705EB000A7C58 /* Base in Resources */,
			);
			runOnlyForDeploymentPostprocessing = 0;
		};
/* End PBXResourcesBuildPhase section */

/* Begin PBXSourcesBuildPhase section */
		3CEDF1882C7705EB000A7C58 /* Sources */ = {
			isa = PBXSourcesBuildPhase;
			buildActionMask = 2147483647;
			files = (
				3C4C4FEF2C8989A00028DC27 /* view.swift in Sources */,
				3CEDF1942C7705EB000A7C58 /* ViewController.swift in Sources */,
				3CEDF1902C7705EB000A7C58 /* AppDelegate.swift in Sources */,
				3C8329B62C8B17EC00DB875D /* Entity+CoreDataClass.swift in Sources */,
				3C83C94C2C9BBDD500C8DE8F /* Model.xcdatamodeld in Sources */,
				3C8329B72C8B17EC00DB875D /* Entity+CoreDataProperties.swift in Sources */,
				1BE9430B2C8E88EA008875B6 /* CoreDataManager.swift in Sources */,
				3CEDF1922C7705EB000A7C58 /* SceneDelegate.swift in Sources */,
			);
			runOnlyForDeploymentPostprocessing = 0;
		};
/* End PBXSourcesBuildPhase section */

/* Begin PBXVariantGroup section */
		3CEDF1952C7705EB000A7C58 /* Main.storyboard */ = {
			isa = PBXVariantGroup;
			children = (
				3CEDF1962C7705EB000A7C58 /* Base */,
			);
			name = Main.storyboard;
			sourceTree = "<group>";
		};
		3CEDF19A2C7705EC000A7C58 /* LaunchScreen.storyboard */ = {
			isa = PBXVariantGroup;
			children = (
				3CEDF19B2C7705EC000A7C58 /* Base */,
			);
			name = LaunchScreen.storyboard;
			sourceTree = "<group>";
		};
/* End PBXVariantGroup section */

/* Begin XCBuildConfiguration section */
		3CEDF19E2C7705EC000A7C58 /* Debug */ = {
			isa = XCBuildConfiguration;
			buildSettings = {
				ALWAYS_SEARCH_USER_PATHS = NO;
				ASSETCATALOG_COMPILER_GENERATE_SWIFT_ASSET_SYMBOL_EXTENSIONS = YES;
				CLANG_ANALYZER_NONNULL = YES;
				CLANG_ANALYZER_NUMBER_OBJECT_CONVERSION = YES_AGGRESSIVE;
				CLANG_CXX_LANGUAGE_STANDARD = "gnu++20";
				CLANG_ENABLE_MODULES = YES;
				CLANG_ENABLE_OBJC_ARC = YES;
				CLANG_ENABLE_OBJC_WEAK = YES;
				CLANG_WARN_BLOCK_CAPTURE_AUTORELEASING = YES;
				CLANG_WARN_BOOL_CONVERSION = YES;
				CLANG_WARN_COMMA = YES;
				CLANG_WARN_CONSTANT_CONVERSION = YES;
				CLANG_WARN_DEPRECATED_OBJC_IMPLEMENTATIONS = YES;
				CLANG_WARN_DIRECT_OBJC_ISA_USAGE = YES_ERROR;
				CLANG_WARN_DOCUMENTATION_COMMENTS = YES;
				CLANG_WARN_EMPTY_BODY = YES;
				CLANG_WARN_ENUM_CONVERSION = YES;
				CLANG_WARN_INFINITE_RECURSION = YES;
				CLANG_WARN_INT_CONVERSION = YES;
				CLANG_WARN_NON_LITERAL_NULL_CONVERSION = YES;
				CLANG_WARN_OBJC_IMPLICIT_RETAIN_SELF = YES;
				CLANG_WARN_OBJC_LITERAL_CONVERSION = YES;
				CLANG_WARN_OBJC_ROOT_CLASS = YES_ERROR;
				CLANG_WARN_QUOTED_INCLUDE_IN_FRAMEWORK_HEADER = YES;
				CLANG_WARN_RANGE_LOOP_ANALYSIS = YES;
				CLANG_WARN_STRICT_PROTOTYPES = YES;
				CLANG_WARN_SUSPICIOUS_MOVE = YES;
				CLANG_WARN_UNGUARDED_AVAILABILITY = YES_AGGRESSIVE;
				CLANG_WARN_UNREACHABLE_CODE = YES;
				CLANG_WARN__DUPLICATE_METHOD_MATCH = YES;
				COPY_PHASE_STRIP = NO;
				DEBUG_INFORMATION_FORMAT = dwarf;
				ENABLE_STRICT_OBJC_MSGSEND = YES;
				ENABLE_TESTABILITY = YES;
				ENABLE_USER_SCRIPT_SANDBOXING = YES;
				GCC_C_LANGUAGE_STANDARD = gnu17;
				GCC_DYNAMIC_NO_PIC = NO;
				GCC_NO_COMMON_BLOCKS = YES;
				GCC_OPTIMIZATION_LEVEL = 0;
				GCC_PREPROCESSOR_DEFINITIONS = (
					"DEBUG=1",
					"$(inherited)",
				);
				GCC_WARN_64_TO_32_BIT_CONVERSION = YES;
				GCC_WARN_ABOUT_RETURN_TYPE = YES_ERROR;
				GCC_WARN_UNDECLARED_SELECTOR = YES;
				GCC_WARN_UNINITIALIZED_AUTOS = YES_AGGRESSIVE;
				GCC_WARN_UNUSED_FUNCTION = YES;
				GCC_WARN_UNUSED_VARIABLE = YES;
				IPHONEOS_DEPLOYMENT_TARGET = 17.5;
				LOCALIZATION_PREFERS_STRING_CATALOGS = YES;
				MTL_ENABLE_DEBUG_INFO = INCLUDE_SOURCE;
				MTL_FAST_MATH = YES;
				ONLY_ACTIVE_ARCH = YES;
				SDKROOT = iphoneos;
				SWIFT_ACTIVE_COMPILATION_CONDITIONS = "DEBUG $(inherited)";
				SWIFT_OPTIMIZATION_LEVEL = "-Onone";
			};
			name = Debug;
		};
		3CEDF19F2C7705EC000A7C58 /* Release */ = {
			isa = XCBuildConfiguration;
			buildSettings = {
				ALWAYS_SEARCH_USER_PATHS = NO;
				ASSETCATALOG_COMPILER_GENERATE_SWIFT_ASSET_SYMBOL_EXTENSIONS = YES;
				CLANG_ANALYZER_NONNULL = YES;
				CLANG_ANALYZER_NUMBER_OBJECT_CONVERSION = YES_AGGRESSIVE;
				CLANG_CXX_LANGUAGE_STANDARD = "gnu++20";
				CLANG_ENABLE_MODULES = YES;
				CLANG_ENABLE_OBJC_ARC = YES;
				CLANG_ENABLE_OBJC_WEAK = YES;
				CLANG_WARN_BLOCK_CAPTURE_AUTORELEASING = YES;
				CLANG_WARN_BOOL_CONVERSION = YES;
				CLANG_WARN_COMMA = YES;
				CLANG_WARN_CONSTANT_CONVERSION = YES;
				CLANG_WARN_DEPRECATED_OBJC_IMPLEMENTATIONS = YES;
				CLANG_WARN_DIRECT_OBJC_ISA_USAGE = YES_ERROR;
				CLANG_WARN_DOCUMENTATION_COMMENTS = YES;
				CLANG_WARN_EMPTY_BODY = YES;
				CLANG_WARN_ENUM_CONVERSION = YES;
				CLANG_WARN_INFINITE_RECURSION = YES;
				CLANG_WARN_INT_CONVERSION = YES;
				CLANG_WARN_NON_LITERAL_NULL_CONVERSION = YES;
				CLANG_WARN_OBJC_IMPLICIT_RETAIN_SELF = YES;
				CLANG_WARN_OBJC_LITERAL_CONVERSION = YES;
				CLANG_WARN_OBJC_ROOT_CLASS = YES_ERROR;
				CLANG_WARN_QUOTED_INCLUDE_IN_FRAMEWORK_HEADER = YES;
				CLANG_WARN_RANGE_LOOP_ANALYSIS = YES;
				CLANG_WARN_STRICT_PROTOTYPES = YES;
				CLANG_WARN_SUSPICIOUS_MOVE = YES;
				CLANG_WARN_UNGUARDED_AVAILABILITY = YES_AGGRESSIVE;
				CLANG_WARN_UNREACHABLE_CODE = YES;
				CLANG_WARN__DUPLICATE_METHOD_MATCH = YES;
				COPY_PHASE_STRIP = NO;
				DEBUG_INFORMATION_FORMAT = "dwarf-with-dsym";
				ENABLE_NS_ASSERTIONS = NO;
				ENABLE_STRICT_OBJC_MSGSEND = YES;
				ENABLE_USER_SCRIPT_SANDBOXING = YES;
				GCC_C_LANGUAGE_STANDARD = gnu17;
				GCC_NO_COMMON_BLOCKS = YES;
				GCC_WARN_64_TO_32_BIT_CONVERSION = YES;
				GCC_WARN_ABOUT_RETURN_TYPE = YES_ERROR;
				GCC_WARN_UNDECLARED_SELECTOR = YES;
				GCC_WARN_UNINITIALIZED_AUTOS = YES_AGGRESSIVE;
				GCC_WARN_UNUSED_FUNCTION = YES;
				GCC_WARN_UNUSED_VARIABLE = YES;
				IPHONEOS_DEPLOYMENT_TARGET = 17.5;
				LOCALIZATION_PREFERS_STRING_CATALOGS = YES;
				MTL_ENABLE_DEBUG_INFO = NO;
				MTL_FAST_MATH = YES;
				SDKROOT = iphoneos;
				SWIFT_COMPILATION_MODE = wholemodule;
				VALIDATE_PRODUCT = YES;
			};
			name = Release;
		};
		3CEDF1A12C7705EC000A7C58 /* Debug */ = {
			isa = XCBuildConfiguration;
			buildSettings = {
				ASSETCATALOG_COMPILER_APPICON_NAME = AppIcon;
				ASSETCATALOG_COMPILER_GLOBAL_ACCENT_COLOR_NAME = AccentColor;
				CODE_SIGN_STYLE = Automatic;
				CURRENT_PROJECT_VERSION = 1;
				DEVELOPMENT_TEAM = 97F5Z9A9T5;
				GENERATE_INFOPLIST_FILE = YES;
				INFOPLIST_FILE = "7 Project/Info.plist";
				INFOPLIST_KEY_UIApplicationSupportsIndirectInputEvents = YES;
				INFOPLIST_KEY_UILaunchStoryboardName = LaunchScreen;
				INFOPLIST_KEY_UIMainStoryboardFile = Main;
				INFOPLIST_KEY_UISupportedInterfaceOrientations_iPad = "UIInterfaceOrientationPortrait UIInterfaceOrientationPortraitUpsideDown UIInterfaceOrientationLandscapeLeft UIInterfaceOrientationLandscapeRight";
				INFOPLIST_KEY_UISupportedInterfaceOrientations_iPhone = "UIInterfaceOrientationPortrait UIInterfaceOrientationLandscapeLeft UIInterfaceOrientationLandscapeRight";
				LD_RUNPATH_SEARCH_PATHS = (
					"$(inherited)",
					"@executable_path/Frameworks",
				);
				MARKETING_VERSION = 1.0;
				PRODUCT_BUNDLE_IDENTIFIER = "alone.--Project";
				PRODUCT_NAME = "$(TARGET_NAME)";
				SWIFT_EMIT_LOC_STRINGS = YES;
				SWIFT_VERSION = 5.0;
				TARGETED_DEVICE_FAMILY = "1,2";
			};
			name = Debug;
		};
		3CEDF1A22C7705EC000A7C58 /* Release */ = {
			isa = XCBuildConfiguration;
			buildSettings = {
				ASSETCATALOG_COMPILER_APPICON_NAME = AppIcon;
				ASSETCATALOG_COMPILER_GLOBAL_ACCENT_COLOR_NAME = AccentColor;
				CODE_SIGN_STYLE = Automatic;
				CURRENT_PROJECT_VERSION = 1;
				DEVELOPMENT_TEAM = 97F5Z9A9T5;
				GENERATE_INFOPLIST_FILE = YES;
				INFOPLIST_FILE = "7 Project/Info.plist";
				INFOPLIST_KEY_UIApplicationSupportsIndirectInputEvents = YES;
				INFOPLIST_KEY_UILaunchStoryboardName = LaunchScreen;
				INFOPLIST_KEY_UIMainStoryboardFile = Main;
				INFOPLIST_KEY_UISupportedInterfaceOrientations_iPad = "UIInterfaceOrientationPortrait UIInterfaceOrientationPortraitUpsideDown UIInterfaceOrientationLandscapeLeft UIInterfaceOrientationLandscapeRight";
				INFOPLIST_KEY_UISupportedInterfaceOrientations_iPhone = "UIInterfaceOrientationPortrait UIInterfaceOrientationLandscapeLeft UIInterfaceOrientationLandscapeRight";
				LD_RUNPATH_SEARCH_PATHS = (
					"$(inherited)",
					"@executable_path/Frameworks",
				);
				MARKETING_VERSION = 1.0;
				PRODUCT_BUNDLE_IDENTIFIER = "alone.--Project";
				PRODUCT_NAME = "$(TARGET_NAME)";
				SWIFT_EMIT_LOC_STRINGS = YES;
				SWIFT_VERSION = 5.0;
				TARGETED_DEVICE_FAMILY = "1,2";
			};
			name = Release;
		};
/* End XCBuildConfiguration section */

/* Begin XCConfigurationList section */
		3CEDF1872C7705EB000A7C58 /* Build configuration list for PBXProject "7 Project" */ = {
			isa = XCConfigurationList;
			buildConfigurations = (
				3CEDF19E2C7705EC000A7C58 /* Debug */,
				3CEDF19F2C7705EC000A7C58 /* Release */,
			);
			defaultConfigurationIsVisible = 0;
			defaultConfigurationName = Release;
		};
		3CEDF1A02C7705EC000A7C58 /* Build configuration list for PBXNativeTarget "7 Project" */ = {
			isa = XCConfigurationList;
			buildConfigurations = (
				3CEDF1A12C7705EC000A7C58 /* Debug */,
				3CEDF1A22C7705EC000A7C58 /* Release */,
			);
			defaultConfigurationIsVisible = 0;
			defaultConfigurationName = Release;
		};
/* End XCConfigurationList section */

/* Begin XCRemoteSwiftPackageReference section */
		3CA3782E2C8859B100BF0BCA /* XCRemoteSwiftPackageReference "SnapKit" */ = {
			isa = XCRemoteSwiftPackageReference;
			repositoryURL = "https://github.com/SnapKit/SnapKit.git";
			requirement = {
				kind = upToNextMajorVersion;
				minimumVersion = 5.7.1;
			};
		};
/* End XCRemoteSwiftPackageReference section */

/* Begin XCSwiftPackageProductDependency section */
		3C4C4FF02C898C4E0028DC27 /* SnapKit */ = {
			isa = XCSwiftPackageProductDependency;
			package = 3CA3782E2C8859B100BF0BCA /* XCRemoteSwiftPackageReference "SnapKit" */;
			productName = SnapKit;
		};
/* End XCSwiftPackageProductDependency section */

/* Begin XCVersionGroup section */
		3C83C94A2C9BBDD500C8DE8F /* Model.xcdatamodeld */ = {
			isa = XCVersionGroup;
			children = (
				3C83C94B2C9BBDD500C8DE8F /* Model.xcdatamodel */,
			);
			currentVersion = 3C83C94B2C9BBDD500C8DE8F /* Model.xcdatamodel */;
			name = Model.xcdatamodeld;
			path = "/Users/kimdongjun/Desktop/7 Project/Model.xcdatamodeld";
			sourceTree = "<group>";
			versionGroupType = wrapper.xcdatamodel;
		};
/* End XCVersionGroup section */
	};
	rootObject = 3CEDF1842C7705EB000A7C58 /* Project object */;
}
